
Microsoft Visual Studio Solution File, Format Version 12.00
# Visual Studio Version 17
VisualStudioVersion = 17.0.31903.59
MinimumVisualStudioVersion = 10.0.40219.1
Project("{FAE04EC0-301F-11D3-BF4B-00C04F79EFBC}") = "Test", "Test\Test.csproj", "{A36C0046-44C4-4C89-AAF3-8BEBF50C4D59}"
EndProject
Project("{FAE04EC0-301F-11D3-BF4B-00C04F79EFBC}") = "Console", "Console\Console.csproj", "{8E4981EB-36E5-4B31-9C94-B688F992ECEA}"
EndProject
Global
	GlobalSection(SolutionConfigurationPlatforms) = preSolution
		Debug|Any CPU = Debug|Any CPU
		Release|Any CPU = Release|Any CPU
	EndGlobalSection
	GlobalSection(SolutionProperties) = preSolution
		HideSolutionNode = FALSE
	EndGlobalSection
	GlobalSection(ProjectConfigurationPlatforms) = postSolution
		{A36C0046-44C4-4C89-AAF3-8BEBF50C4D59}.Debug|Any CPU.ActiveCfg = Debug|Any CPU
		{A36C0046-44C4-4C89-AAF3-8BEBF50C4D59}.Debug|Any CPU.Build.0 = Debug|Any CPU
		{A36C0046-44C4-4C89-AAF3-8BEBF50C4D59}.Release|Any CPU.ActiveCfg = Release|Any CPU
		{A36C0046-44C4-4C89-AAF3-8BEBF50C4D59}.Release|Any CPU.Build.0 = Release|Any CPU
		{8E4981EB-36E5-4B31-9C94-B688F992ECEA}.Debug|Any CPU.ActiveCfg = Debug|Any CPU
		{8E4981EB-36E5-4B31-9C94-B688F992ECEA}.Debug|Any CPU.Build.0 = Debug|Any CPU
		{8E4981EB-36E5-4B31-9C94-B688F992ECEA}.Release|Any CPU.ActiveCfg = Release|Any CPU
		{8E4981EB-36E5-4B31-9C94-B688F992ECEA}.Release|Any CPU.Build.0 = Release|Any CPU
	EndGlobalSection
EndGlobal
