
Microsoft Visual Studio Solution File, Format Version 12.00
# Visual Studio Version 17
VisualStudioVersion = 17.0.31903.59
MinimumVisualStudioVersion = 10.0.40219.1
Project("{FAE04EC0-301F-11D3-BF4B-00C04F79EFBC}") = "Test", "Test\Test.csproj", "{7680FBC6-F53E-458B-829E-7C96BBBB359E}"
EndProject
Project("{FAE04EC0-301F-11D3-BF4B-00C04F79EFBC}") = "Console", "Console\Console.csproj", "{23E67577-7218-4D25-911E-AECC26A03C7E}"
EndProject
Global
	GlobalSection(SolutionConfigurationPlatforms) = preSolution
		Debug|Any CPU = Debug|Any CPU
		Release|Any CPU = Release|Any CPU
	EndGlobalSection
	GlobalSection(SolutionProperties) = preSolution
		HideSolutionNode = FALSE
	EndGlobalSection
	GlobalSection(ProjectConfigurationPlatforms) = postSolution
		{7680FBC6-F53E-458B-829E-7C96BBBB359E}.Debug|Any CPU.ActiveCfg = Debug|Any CPU
		{7680FBC6-F53E-458B-829E-7C96BBBB359E}.Debug|Any CPU.Build.0 = Debug|Any CPU
		{7680FBC6-F53E-458B-829E-7C96BBBB359E}.Release|Any CPU.ActiveCfg = Release|Any CPU
		{7680FBC6-F53E-458B-829E-7C96BBBB359E}.Release|Any CPU.Build.0 = Release|Any CPU
		{23E67577-7218-4D25-911E-AECC26A03C7E}.Debug|Any CPU.ActiveCfg = Debug|Any CPU
		{23E67577-7218-4D25-911E-AECC26A03C7E}.Debug|Any CPU.Build.0 = Debug|Any CPU
		{23E67577-7218-4D25-911E-AECC26A03C7E}.Release|Any CPU.ActiveCfg = Release|Any CPU
		{23E67577-7218-4D25-911E-AECC26A03C7E}.Release|Any CPU.Build.0 = Release|Any CPU
	EndGlobalSection
EndGlobal
